
Microsoft Visual Studio Solution File, Format Version 12.00
# Visual Studio 15
VisualStudioVersion = 15.0.27130.2036
MinimumVisualStudioVersion = 10.0.40219.1
Project("{FAE04EC0-301F-11D3-BF4B-00C04F79EFBC}") = "SokobanTest", "SokobanTest\SokobanTest.csproj", "{793E1706-504E-4109-860A-88C8A9D46963}"
EndProject
Global
	GlobalSection(SolutionConfigurationPlatforms) = preSolution
		Debug|Any CPU = Debug|Any CPU
		Release|Any CPU = Release|Any CPU
	EndGlobalSection
	GlobalSection(ProjectConfigurationPlatforms) = postSolution
		{793E1706-504E-4109-860A-88C8A9D46963}.Debug|Any CPU.ActiveCfg = Debug|Any CPU
		{793E1706-504E-4109-860A-88C8A9D46963}.Debug|Any CPU.Build.0 = Debug|Any CPU
		{793E1706-504E-4109-860A-88C8A9D46963}.Release|Any CPU.ActiveCfg = Release|Any CPU
		{793E1706-504E-4109-860A-88C8A9D46963}.Release|Any CPU.Build.0 = Release|Any CPU
	EndGlobalSection
	GlobalSection(SolutionProperties) = preSolution
		HideSolutionNode = FALSE
	EndGlobalSection
	GlobalSection(ExtensibilityGlobals) = postSolution
		SolutionGuid = {195B3D1B-B59E-4CC5-9E4D-BCB8D5400808}
	EndGlobalSection
EndGlobal
